github.com/dsp-testing/go-vulnerable/vuln-too v0.0.0-20220517154306-5fea9bed81ba h1:4vX1St8M6NLVmWG91e+zTCMnst2WxRaK90n+YJ+KkGE=
github.com/dsp-testing/go-vulnerable/vuln-too v0.0.0-20220517154306-5fea9bed81ba/go.mod h1:zqn0CWc6Bj+7SoarH0przZ4kHGcVl5KZD4odihr7Pgg=
github.com/ulikunitz/xz v0.5.5 h1:pFrO0lVpTBXLpYw+pnLj6TbvHuyjXMfjGeCwSqCVwok=
